
Microsoft Visual Studio Solution File, Format Version 12.00
# Visual Studio 15
VisualStudioVersion = 15.0.27130.2036
MinimumVisualStudioVersion = 10.0.40219.1
Project("{FAE04EC0-301F-11D3-BF4B-00C04F79EFBC}") = "Luck", "Luck\Luck.csproj", "{B1E19755-4301-49EC-876A-941C8AF4B9C0}"
EndProject
Project("{FAE04EC0-301F-11D3-BF4B-00C04F79EFBC}") = "ClassLibrary1", "ClassLibrary1\ClassLibrary1.csproj", "{3A878FB5-1E94-43B3-A1E6-D13F7A9AE8AD}"
EndProject
Project("{FAE04EC0-301F-11D3-BF4B-00C04F79EFBC}") = "ClassLibrary2", "ClassLibrary2\ClassLibrary2.csproj", "{74053895-25B2-4B2A-924E-A39C4D3C1D74}"
EndProject
Global
	GlobalSection(SolutionConfigurationPlatforms) = preSolution
		Debug|Any CPU = Debug|Any CPU
		Release|Any CPU = Release|Any CPU
	EndGlobalSection
	GlobalSection(ProjectConfigurationPlatforms) = postSolution
		{B1E19755-4301-49EC-876A-941C8AF4B9C0}.Debug|Any CPU.ActiveCfg = Debug|Any CPU
		{B1E19755-4301-49EC-876A-941C8AF4B9C0}.Debug|Any CPU.Build.0 = Debug|Any CPU
		{B1E19755-4301-49EC-876A-941C8AF4B9C0}.Release|Any CPU.ActiveCfg = Release|Any CPU
		{B1E19755-4301-49EC-876A-941C8AF4B9C0}.Release|Any CPU.Build.0 = Release|Any CPU
		{3A878FB5-1E94-43B3-A1E6-D13F7A9AE8AD}.Debug|Any CPU.ActiveCfg = Debug|Any CPU
		{3A878FB5-1E94-43B3-A1E6-D13F7A9AE8AD}.Debug|Any CPU.Build.0 = Debug|Any CPU
		{3A878FB5-1E94-43B3-A1E6-D13F7A9AE8AD}.Release|Any CPU.ActiveCfg = Release|Any CPU
		{3A878FB5-1E94-43B3-A1E6-D13F7A9AE8AD}.Release|Any CPU.Build.0 = Release|Any CPU
		{74053895-25B2-4B2A-924E-A39C4D3C1D74}.Debug|Any CPU.ActiveCfg = Debug|Any CPU
		{74053895-25B2-4B2A-924E-A39C4D3C1D74}.Debug|Any CPU.Build.0 = Debug|Any CPU
		{74053895-25B2-4B2A-924E-A39C4D3C1D74}.Release|Any CPU.ActiveCfg = Release|Any CPU
		{74053895-25B2-4B2A-924E-A39C4D3C1D74}.Release|Any CPU.Build.0 = Release|Any CPU
	EndGlobalSection
	GlobalSection(SolutionProperties) = preSolution
		HideSolutionNode = FALSE
	EndGlobalSection
	GlobalSection(ExtensibilityGlobals) = postSolution
		SolutionGuid = {4C43B0A0-F98C-4BBF-9573-770FD8E4E22E}
	EndGlobalSection
EndGlobal
